
Microsoft Visual Studio Solution File, Format Version 12.00
Project("{FAE04EC0-301F-11D3-BF4B-00C04F79EFBC}") = "CSAssignment_4", "CSAssignment_4\CSAssignment_4.csproj", "{24919D23-4DB4-4BA4-B8EB-F881E9848446}"
EndProject
Global
	GlobalSection(SolutionConfigurationPlatforms) = preSolution
		Debug|Any CPU = Debug|Any CPU
		Release|Any CPU = Release|Any CPU
	EndGlobalSection
	GlobalSection(ProjectConfigurationPlatforms) = postSolution
		{24919D23-4DB4-4BA4-B8EB-F881E9848446}.Debug|Any CPU.ActiveCfg = Debug|Any CPU
		{24919D23-4DB4-4BA4-B8EB-F881E9848446}.Debug|Any CPU.Build.0 = Debug|Any CPU
		{24919D23-4DB4-4BA4-B8EB-F881E9848446}.Release|Any CPU.ActiveCfg = Release|Any CPU
		{24919D23-4DB4-4BA4-B8EB-F881E9848446}.Release|Any CPU.Build.0 = Release|Any CPU
	EndGlobalSection
EndGlobal
